
Microsoft Visual Studio Solution File, Format Version 12.00
# Visual Studio Version 17
VisualStudioVersion = 17.7.34221.43
MinimumVisualStudioVersion = 10.0.40219.1
Project("{FAE04EC0-301F-11D3-BF4B-00C04F79EFBC}") = "FirstClassExercise", "FirstClassExercise.csproj", "{68DB9C61-0C14-4EC5-8F01-43F7F8001FA7}"
EndProject
Global
	GlobalSection(SolutionConfigurationPlatforms) = preSolution
		Debug|Any CPU = Debug|Any CPU
		Release|Any CPU = Release|Any CPU
	EndGlobalSection
	GlobalSection(ProjectConfigurationPlatforms) = postSolution
		{68DB9C61-0C14-4EC5-8F01-43F7F8001FA7}.Debug|Any CPU.ActiveCfg = Debug|Any CPU
		{68DB9C61-0C14-4EC5-8F01-43F7F8001FA7}.Debug|Any CPU.Build.0 = Debug|Any CPU
		{68DB9C61-0C14-4EC5-8F01-43F7F8001FA7}.Release|Any CPU.ActiveCfg = Release|Any CPU
		{68DB9C61-0C14-4EC5-8F01-43F7F8001FA7}.Release|Any CPU.Build.0 = Release|Any CPU
	EndGlobalSection
	GlobalSection(SolutionProperties) = preSolution
		HideSolutionNode = FALSE
	EndGlobalSection
	GlobalSection(ExtensibilityGlobals) = postSolution
		SolutionGuid = {61606212-CBE9-41E6-BB0B-E5BA9B3363E5}
	EndGlobalSection
EndGlobal
